
Microsoft Visual Studio Solution File, Format Version 12.00
# Visual Studio Version 17
VisualStudioVersion = 17.5.002.0
MinimumVisualStudioVersion = 10.0.40219.1
Project("{9A19103F-16F7-4668-BE54-9A1E7A4F7556}") = "quiz-c-sharp", "quiz-c-sharp.csproj", "{DDF9987D-E5E1-4CA3-8CC5-F345278C0779}"
EndProject
Global
	GlobalSection(SolutionConfigurationPlatforms) = preSolution
		Debug|Any CPU = Debug|Any CPU
		Release|Any CPU = Release|Any CPU
	EndGlobalSection
	GlobalSection(ProjectConfigurationPlatforms) = postSolution
		{DDF9987D-E5E1-4CA3-8CC5-F345278C0779}.Debug|Any CPU.ActiveCfg = Debug|Any CPU
		{DDF9987D-E5E1-4CA3-8CC5-F345278C0779}.Debug|Any CPU.Build.0 = Debug|Any CPU
		{DDF9987D-E5E1-4CA3-8CC5-F345278C0779}.Release|Any CPU.ActiveCfg = Release|Any CPU
		{DDF9987D-E5E1-4CA3-8CC5-F345278C0779}.Release|Any CPU.Build.0 = Release|Any CPU
	EndGlobalSection
	GlobalSection(SolutionProperties) = preSolution
		HideSolutionNode = FALSE
	EndGlobalSection
	GlobalSection(ExtensibilityGlobals) = postSolution
		SolutionGuid = {2AB48EA3-DE27-4F74-B554-B1A35401117E}
	EndGlobalSection
EndGlobal
